
Microsoft Visual Studio Solution File, Format Version 12.00
# Visual Studio Version 17
VisualStudioVersion = 17.3.32811.315
MinimumVisualStudioVersion = 10.0.40219.1
Project("{9A19103F-16F7-4668-BE54-9A1E7A4F7556}") = "VendorInvoicing", "VendorInvoicing\VendorInvoicing.csproj", "{57D5F591-65A0-450F-9913-1C9E0ECECD43}"
EndProject
Project("{FAE04EC0-301F-11D3-BF4B-00C04F79EFBC}") = "VendorInvoicingClassLibrary", "VendorInvoicingClassLibrary\VendorInvoicingClassLibrary.csproj", "{AC69F0F3-441D-4578-A695-1A21645769D6}"
EndProject
Global
	GlobalSection(SolutionConfigurationPlatforms) = preSolution
		Debug|Any CPU = Debug|Any CPU
		Release|Any CPU = Release|Any CPU
	EndGlobalSection
	GlobalSection(ProjectConfigurationPlatforms) = postSolution
		{57D5F591-65A0-450F-9913-1C9E0ECECD43}.Debug|Any CPU.ActiveCfg = Debug|Any CPU
		{57D5F591-65A0-450F-9913-1C9E0ECECD43}.Debug|Any CPU.Build.0 = Debug|Any CPU
		{57D5F591-65A0-450F-9913-1C9E0ECECD43}.Release|Any CPU.ActiveCfg = Release|Any CPU
		{57D5F591-65A0-450F-9913-1C9E0ECECD43}.Release|Any CPU.Build.0 = Release|Any CPU
		{AC69F0F3-441D-4578-A695-1A21645769D6}.Debug|Any CPU.ActiveCfg = Debug|Any CPU
		{AC69F0F3-441D-4578-A695-1A21645769D6}.Debug|Any CPU.Build.0 = Debug|Any CPU
		{AC69F0F3-441D-4578-A695-1A21645769D6}.Release|Any CPU.ActiveCfg = Release|Any CPU
		{AC69F0F3-441D-4578-A695-1A21645769D6}.Release|Any CPU.Build.0 = Release|Any CPU
	EndGlobalSection
	GlobalSection(SolutionProperties) = preSolution
		HideSolutionNode = FALSE
	EndGlobalSection
	GlobalSection(ExtensibilityGlobals) = postSolution
		SolutionGuid = {AC3307A6-A068-4E7E-AFE8-5902AE70F2E5}
	EndGlobalSection
EndGlobal
